
Microsoft Visual Studio Solution File, Format Version 12.00
# Visual Studio Version 16
VisualStudioVersion = 16.0.29806.167
MinimumVisualStudioVersion = 10.0.40219.1
Project("{FAE04EC0-301F-11D3-BF4B-00C04F79EFBC}") = "BMApplication", "BMApplication\BMApplication.csproj", "{ABEFDD8F-51DF-4DF6-B0AD-CD49560E0B84}"
EndProject
Global
	GlobalSection(SolutionConfigurationPlatforms) = preSolution
		Debug|Any CPU = Debug|Any CPU
		Release|Any CPU = Release|Any CPU
	EndGlobalSection
	GlobalSection(ProjectConfigurationPlatforms) = postSolution
		{ABEFDD8F-51DF-4DF6-B0AD-CD49560E0B84}.Debug|Any CPU.ActiveCfg = Debug|Any CPU
		{ABEFDD8F-51DF-4DF6-B0AD-CD49560E0B84}.Debug|Any CPU.Build.0 = Debug|Any CPU
		{ABEFDD8F-51DF-4DF6-B0AD-CD49560E0B84}.Release|Any CPU.ActiveCfg = Release|Any CPU
		{ABEFDD8F-51DF-4DF6-B0AD-CD49560E0B84}.Release|Any CPU.Build.0 = Release|Any CPU
	EndGlobalSection
	GlobalSection(SolutionProperties) = preSolution
		HideSolutionNode = FALSE
	EndGlobalSection
	GlobalSection(ExtensibilityGlobals) = postSolution
		SolutionGuid = {4A344FDA-F76A-4867-8D9D-DB92D69581FB}
	EndGlobalSection
EndGlobal
